
Microsoft Visual Studio Solution File, Format Version 12.00
# Visual Studio Version 17
VisualStudioVersion = 17.14.36616.10 d17.14
MinimumVisualStudioVersion = 10.0.40219.1
Project("{FAE04EC0-301F-11D3-BF4B-00C04F79EFBC}") = "TDD-Bank", "TDD-Bank.csproj", "{DBD3C3B6-AE08-4C4F-A0A8-53E9D7151BBF}"
EndProject
Global
	GlobalSection(SolutionConfigurationPlatforms) = preSolution
		Debug|Any CPU = Debug|Any CPU
		Release|Any CPU = Release|Any CPU
	EndGlobalSection
	GlobalSection(ProjectConfigurationPlatforms) = postSolution
		{DBD3C3B6-AE08-4C4F-A0A8-53E9D7151BBF}.Debug|Any CPU.ActiveCfg = Debug|Any CPU
		{DBD3C3B6-AE08-4C4F-A0A8-53E9D7151BBF}.Debug|Any CPU.Build.0 = Debug|Any CPU
		{DBD3C3B6-AE08-4C4F-A0A8-53E9D7151BBF}.Release|Any CPU.ActiveCfg = Release|Any CPU
		{DBD3C3B6-AE08-4C4F-A0A8-53E9D7151BBF}.Release|Any CPU.Build.0 = Release|Any CPU
	EndGlobalSection
	GlobalSection(SolutionProperties) = preSolution
		HideSolutionNode = FALSE
	EndGlobalSection
	GlobalSection(ExtensibilityGlobals) = postSolution
		SolutionGuid = {08B4DF37-BADE-4E9E-BEF5-9DA52F3BF7A9}
	EndGlobalSection
EndGlobal
